
Microsoft Visual Studio Solution File, Format Version 12.00
# Visual Studio 15
VisualStudioVersion = 15.0.27130.2036
MinimumVisualStudioVersion = 10.0.40219.1
Project("{FAE04EC0-301F-11D3-BF4B-00C04F79EFBC}") = "Program1", "Program1\Program1.csproj", "{4A5AE736-7F24-433F-A20F-5A7E1DFB6F8A}"
EndProject
Project("{FAE04EC0-301F-11D3-BF4B-00C04F79EFBC}") = "Program2", "Program2\Program2.csproj", "{995611F9-40DB-4CE0-A0A0-87F4AE7AEC9B}"
EndProject
Global
	GlobalSection(SolutionConfigurationPlatforms) = preSolution
		Debug|Any CPU = Debug|Any CPU
		Release|Any CPU = Release|Any CPU
	EndGlobalSection
	GlobalSection(ProjectConfigurationPlatforms) = postSolution
		{4A5AE736-7F24-433F-A20F-5A7E1DFB6F8A}.Debug|Any CPU.ActiveCfg = Debug|Any CPU
		{4A5AE736-7F24-433F-A20F-5A7E1DFB6F8A}.Debug|Any CPU.Build.0 = Debug|Any CPU
		{4A5AE736-7F24-433F-A20F-5A7E1DFB6F8A}.Release|Any CPU.ActiveCfg = Release|Any CPU
		{4A5AE736-7F24-433F-A20F-5A7E1DFB6F8A}.Release|Any CPU.Build.0 = Release|Any CPU
		{995611F9-40DB-4CE0-A0A0-87F4AE7AEC9B}.Debug|Any CPU.ActiveCfg = Debug|Any CPU
		{995611F9-40DB-4CE0-A0A0-87F4AE7AEC9B}.Debug|Any CPU.Build.0 = Debug|Any CPU
		{995611F9-40DB-4CE0-A0A0-87F4AE7AEC9B}.Release|Any CPU.ActiveCfg = Release|Any CPU
		{995611F9-40DB-4CE0-A0A0-87F4AE7AEC9B}.Release|Any CPU.Build.0 = Release|Any CPU
	EndGlobalSection
	GlobalSection(SolutionProperties) = preSolution
		HideSolutionNode = FALSE
	EndGlobalSection
	GlobalSection(ExtensibilityGlobals) = postSolution
		SolutionGuid = {DC2EE5E0-5AAF-4C3D-8EF3-1F616CA69D19}
	EndGlobalSection
EndGlobal
